
Microsoft Visual Studio Solution File, Format Version 12.00
# Visual Studio Version 16
VisualStudioVersion = 16.0.30907.101
MinimumVisualStudioVersion = 10.0.40219.1
Project("{FAE04EC0-301F-11D3-BF4B-00C04F79EFBC}") = "ConditionalStatement", "ConditionalStatement.csproj", "{46E1FE21-1D02-40D6-A0DC-AFC84733D27E}"
EndProject
Global
	GlobalSection(SolutionConfigurationPlatforms) = preSolution
		Debug|Any CPU = Debug|Any CPU
		Release|Any CPU = Release|Any CPU
	EndGlobalSection
	GlobalSection(ProjectConfigurationPlatforms) = postSolution
		{46E1FE21-1D02-40D6-A0DC-AFC84733D27E}.Debug|Any CPU.ActiveCfg = Debug|Any CPU
		{46E1FE21-1D02-40D6-A0DC-AFC84733D27E}.Debug|Any CPU.Build.0 = Debug|Any CPU
		{46E1FE21-1D02-40D6-A0DC-AFC84733D27E}.Release|Any CPU.ActiveCfg = Release|Any CPU
		{46E1FE21-1D02-40D6-A0DC-AFC84733D27E}.Release|Any CPU.Build.0 = Release|Any CPU
	EndGlobalSection
	GlobalSection(SolutionProperties) = preSolution
		HideSolutionNode = FALSE
	EndGlobalSection
	GlobalSection(ExtensibilityGlobals) = postSolution
		SolutionGuid = {006FA3DD-1379-450A-B8C4-4152330586B0}
	EndGlobalSection
EndGlobal
